# THIS IS AN AUTOGENERATED FILE. DO NOT EDIT THIS FILE DIRECTLY.
# yarn lockfile v1


"@sendgrid/client@^7.4.3":
  version "7.4.3"
  resolved "https://registry.yarnpkg.com/@sendgrid/client/-/client-7.4.3.tgz#bc71aae05de2cd9aa607f4eb1d886711d09f9595"
  integrity sha512-tTaHx893w5iqG0sVtUnMyRchuwYF95k4UOkmov1MouMIeMUbNvbalITo7cG7YSXUTY9rT2t4eBY6HcEBCVeqfg==
  dependencies:
    "@sendgrid/helpers" "^7.4.3"
    axios "^0.21.1"

"@sendgrid/helpers@^7.4.3":
  version "7.4.3"
  resolved "https://registry.yarnpkg.com/@sendgrid/helpers/-/helpers-7.4.3.tgz#231a4405266cfa291054df8b668fe3a4dc9387aa"
  integrity sha512-Wt+68g1sVEM5UspJh34O/cxtv6BBbtAIk7U9B3PB2ySOtPs9e6hI1QkgYVwpNmkt7k2p86muUNyma/Aig25agg==
  dependencies:
    deepmerge "^4.2.2"

"@sendgrid/mail@^7.4.4":
  version "7.4.4"
  resolved "https://registry.yarnpkg.com/@sendgrid/mail/-/mail-7.4.4.tgz#cc31915342d0233592baa6e80b74beaf32e0bf2b"
  integrity sha512-9+dyArajxbPY7eJJAd2eps7MVsXW9E4Y294gWeMYku0/Id/qAivexidjstvkkVlZdlrHbEsGDlnMEcw2eXOiFg==
  dependencies:
    "@sendgrid/client" "^7.4.3"
    "@sendgrid/helpers" "^7.4.3"

axios@^0.21.1:
  version "0.21.1"
  resolved "https://registry.yarnpkg.com/axios/-/axios-0.21.1.tgz#22563481962f4d6bde9a76d516ef0e5d3c09b2b8"
  integrity sha512-dKQiRHxGD9PPRIUNIWvZhPTPpl1rf/OxTYKsqKUDjBwYylTvV7SjSHJb9ratfyzM6wCdLCOYLzs73qpg5c4iGA==
  dependencies:
    follow-redirects "^1.10.0"

deepmerge@^4.2.2:
  version "4.2.2"
  resolved "https://registry.yarnpkg.com/deepmerge/-/deepmerge-4.2.2.tgz#44d2ea3679b8f4d4ffba33f03d865fc1e7bf4955"
  integrity sha512-FJ3UgI4gIl+PHZm53knsuSFpE+nESMr7M4v9QcgB7S63Kj/6WqMiFQJpBBYz1Pt+66bZpP3Q7Lye0Oo9MPKEdg==

dotenv@^8.2.0:
  version "8.6.0"
  resolved "https://registry.yarnpkg.com/dotenv/-/dotenv-8.6.0.tgz#061af664d19f7f4d8fc6e4ff9b584ce237adcb8b"
  integrity sha512-IrPdXQsk2BbzvCBGBOTmmSH5SodmqZNt4ERAZDmW4CT+tL8VtvinqywuANaFu4bOMWki16nqf0e4oC0QIaDr/g==

follow-redirects@^1.10.0:
  version "1.14.1"
  resolved "https://registry.yarnpkg.com/follow-redirects/-/follow-redirects-1.14.1.tgz#d9114ded0a1cfdd334e164e6662ad02bfd91ff43"
  integrity sha512-HWqDgT7ZEkqRzBvc2s64vSZ/hfOceEol3ac/7tKwzuvEyWx3/4UegXh5oBOIotkGsObyk3xznnSRVADBgWSQVg==

nodemailer@^6.4.14:
  version "6.6.1"
  resolved "https://registry.yarnpkg.com/nodemailer/-/nodemailer-6.6.1.tgz#2a05fbf205b897d71bf43884167b5d4d3bd01b99"
  integrity sha512-1xzFN3gqv+/qJ6YRyxBxfTYstLNt0FCtZaFRvf4Sg9wxNGWbwFmGXVpfSi6ThGK6aRxAo+KjHtYSW8NvCsNSAg==
